
Microsoft Visual Studio Solution File, Format Version 12.00
# Visual Studio Version 16
VisualStudioVersion = 16.0.32126.315
MinimumVisualStudioVersion = 10.0.40219.1
Project("{FAE04EC0-301F-11D3-BF4B-00C04F79EFBC}") = "CoreFiveCRUD", "CoreFiveCRUD.csproj", "{470ECA66-6AD4-4E77-8709-EDE6E719B21E}"
EndProject
Global
	GlobalSection(SolutionConfigurationPlatforms) = preSolution
		Debug|Any CPU = Debug|Any CPU
		Release|Any CPU = Release|Any CPU
	EndGlobalSection
	GlobalSection(ProjectConfigurationPlatforms) = postSolution
		{470ECA66-6AD4-4E77-8709-EDE6E719B21E}.Debug|Any CPU.ActiveCfg = Debug|Any CPU
		{470ECA66-6AD4-4E77-8709-EDE6E719B21E}.Debug|Any CPU.Build.0 = Debug|Any CPU
		{470ECA66-6AD4-4E77-8709-EDE6E719B21E}.Release|Any CPU.ActiveCfg = Release|Any CPU
		{470ECA66-6AD4-4E77-8709-EDE6E719B21E}.Release|Any CPU.Build.0 = Release|Any CPU
	EndGlobalSection
	GlobalSection(SolutionProperties) = preSolution
		HideSolutionNode = FALSE
	EndGlobalSection
	GlobalSection(ExtensibilityGlobals) = postSolution
		SolutionGuid = {2240E5A0-97BA-4748-B25F-D24A5D91E2BE}
	EndGlobalSection
EndGlobal
